#MicroXplorer Configuration settings - do not modify
Mcu.Family=STM32F4
PD7.Mode=NorPsramChipSelect1_1
ProjectManager.MainLocation=Src
USB_DEVICE.CLASS_NAME_FS=MSC
PH0-OSC_IN.Signal=RCC_OSC_IN
RCC.CortexFreq_Value=168000000
SPI3.Direction=SPI_DIRECTION_2LINES
SPI3.VirtualType=VM_MASTER
ProjectManager.KeepUserCode=true
Mcu.UserName=STM32F407VETx
SPI2.VirtualType=VM_MASTER
RCC.PLLCLKFreq_Value=168000000
PC10.Signal=SDIO_D2
PC12.Signal=SDIO_CK
RCC.PLLQCLKFreq_Value=48000000
PC5.Locked=true
ProjectManager.functionlistsort=1-MX_GPIO_Init-GPIO-false-HAL-true,2-SystemClock_Config-RCC-false-HAL-false,3-MX_FSMC_Init-FSMC-false-HAL-true,4-MX_RNG_Init-RNG-false-HAL-true,5-MX_SDIO_SD_Init-SDIO-false-HAL-true,6-MX_SPI2_Init-SPI2-false-HAL-true,7-MX_USB_DEVICE_Init-USB_DEVICE-false-HAL-false,8-MX_SPI3_Init-SPI3-false-HAL-true
NVIC.EXTI3_IRQn=true\:0\:0\:false\:false\:true\:true\:true
PA11.Mode=Device_Only
RCC.RTCFreq_Value=32000
PB0.GPIO_Label=FLASH_CS
PA6.GPIO_Label=LED1
PB6.GPIO_Label=RF_CE
PB13.Signal=SPI2_SCK
PB15.Signal=SPI2_MOSI
PD9.Mode=16b-d1
PinOutPanel.RotationAngle=0
RCC.SYSCLKSource=RCC_SYSCLKSOURCE_PLLCLK
ProjectManager.StackSize=0x2000
PD13.Signal=FSMC_A18
Mcu.IP4=SDIO
RCC.FCLKCortexFreq_Value=168000000
Mcu.IP5=SPI2
NVIC.SVCall_IRQn=true\:0\:0\:false\:false\:true\:false\:false
Mcu.IP2=RCC
Mcu.IP3=RNG
Mcu.IP0=FSMC
Mcu.IP1=NVIC
PA12.Signal=USB_OTG_FS_DP
PE4.GPIOParameters=GPIO_PuPd,GPIO_Label
SH.GPXTI3.ConfNb=1
Mcu.UserConstants=
PE11.Mode=16b-d1
PA7.PinState=GPIO_PIN_SET
Mcu.ThirdPartyNb=0
RCC.HCLKFreq_Value=168000000
Mcu.IPNb=10
RCC.I2SClocksFreq_Value=192000000
ProjectManager.PreviousToolchain=
PD4.Signal=FSMC_NOE
RCC.APB2TimFreq_Value=168000000
SDIO.IPParameters=ClockBypass,HardwareFlowControl
PB6.Signal=GPIO_Output
RCC.VcooutputI2S=192000000
PB12.PinState=GPIO_PIN_SET
PD10.Mode=16b-d1
Mcu.Pin6=PA0-WKUP
PD0.Signal=FSMC_D2
Mcu.Pin7=PA6
PD8.Signal=FSMC_D13
Mcu.Pin8=PA7
RCC.HSICalibrationValue=8
Mcu.Pin9=PC5
RCC.AHBFreq_Value=168000000
SPI2.BaudRatePrescaler=SPI_BAUDRATEPRESCALER_32
PB13.Locked=true
PH0-OSC_IN.Mode=HSE-External-Oscillator
Mcu.Pin0=PE3
PD5.Mode=Lcd1
Mcu.Pin1=PE4
GPIO.groupedBy=Group By Peripherals
Mcu.Pin2=PC14-OSC32_IN
Mcu.Pin3=PC15-OSC32_OUT
Mcu.Pin4=PH0-OSC_IN
Mcu.Pin5=PH1-OSC_OUT
ProjectManager.ProjectBuild=false
RCC.HSE_VALUE=8000000
NVIC.UsageFault_IRQn=true\:0\:0\:false\:false\:true\:false\:false
NVIC.DebugMonitor_IRQn=true\:0\:0\:false\:false\:true\:false\:false
PB3.Mode=Full_Duplex_Master
NVIC.SysTick_IRQn=true\:0\:0\:false\:false\:true\:false\:true
PB12.GPIO_Label=TS_CS
ProjectManager.FirmwarePackage=STM32Cube FW_F4 V1.25.2
MxDb.Version=DB.5.0.60
PB0.GPIOParameters=GPIO_Speed,GPIO_Label
PB4.Mode=Full_Duplex_Master
PE13.Signal=FSMC_D10
ProjectManager.BackupPrevious=false
PC14-OSC32_IN.Mode=LSE-External-Oscillator
RCC.VCOInputFreq_Value=2000000
PE9.Signal=FSMC_D6
PA14.Mode=Serial_Wire
PD14.Mode=16b-d1
PB14.Mode=Full_Duplex_Master
PB5.Mode=Full_Duplex_Master
File.Version=6
PE4.GPIO_Label=BUTTON0
PC9.Mode=SD_4_bits_Wide_bus
SPI2.CalculateBaudRate=1.3125 MBits/s
PE3.GPIOParameters=GPIO_PuPd,GPIO_Label
PE3.Locked=true
PB7.Signal=GPIO_Output
PB8.Locked=true
PE13.Mode=16b-d1
PB6.Locked=true
NVIC.PendSV_IRQn=true\:0\:0\:false\:false\:true\:false\:false
PE4.Signal=GPXTI4
PE10.Signal=FSMC_D7
PB6.GPIOParameters=GPIO_Speed,GPIO_Label
ProjectManager.HalAssertFull=false
PB0.Locked=true
ProjectManager.ProjectName=HACK_RF_NEW
PB7.PinState=GPIO_PIN_RESET
PH1-OSC_OUT.Mode=HSE-External-Oscillator
PD15.Mode=16b-d1
PB7.GPIO_Label=RF_CS
RCC.MCO2PinFreq_Value=168000000
Mcu.Package=LQFP100
PB1.Signal=GPIO_Output
PA6.Signal=GPIO_Output
PA7.Locked=true
SPI2.Mode=SPI_MODE_MASTER
SPI3.Mode=SPI_MODE_MASTER
SH.GPXTI8.0=GPIO_EXTI8
NVIC.OTG_FS_IRQn=true\:0\:0\:false\:false\:true\:true\:true
ProjectManager.ToolChainLocation=
RCC.LSI_VALUE=32000
VP_SYS_VS_Systick.Signal=SYS_VS_Systick
SH.GPXTI5.ConfNb=1
SH.GPXTI8.ConfNb=1
USB_OTG_FS.VirtualMode=Device_Only
PE9.Mode=16b-d1
PC11.Mode=SD_4_bits_Wide_bus
RCC.APB2CLKDivider=RCC_HCLK_DIV2
PD4.Mode=Lcd1
RCC.APB1TimFreq_Value=84000000
NVIC.BusFault_IRQn=true\:0\:0\:false\:false\:true\:false\:false
SPI3.IPParameters=VirtualType,Mode,Direction,CalculateBaudRate
SPI2.Direction=SPI_DIRECTION_2LINES
PC5.Signal=GPXTI5
VP_USB_DEVICE_VS_USB_DEVICE_MSC_FS.Mode=MSC_FS
USB_OTG_FS.IPParameters=VirtualMode
PB13.Mode=Full_Duplex_Master
PE7.Signal=FSMC_D4
PD15.Signal=FSMC_D1
ProjectManager.CustomerFirmwarePackage=
PB15.Locked=true
PB4.Signal=SPI3_MISO
PB7.GPIO_Speed=GPIO_SPEED_FREQ_HIGH
PE12.Mode=16b-d1
VP_USB_DEVICE_VS_USB_DEVICE_MSC_FS.Signal=USB_DEVICE_VS_USB_DEVICE_MSC_FS
PA6.GPIOParameters=PinState,GPIO_Label
PC15-OSC32_OUT.Mode=LSE-External-Oscillator
USB_DEVICE.VirtualMode-MSC_FS=Msc
NVIC.EXTI4_IRQn=true\:0\:0\:false\:false\:true\:true\:true
SH.GPXTI5.0=GPIO_EXTI5
NVIC.HASH_RNG_IRQn=true\:0\:0\:false\:false\:true\:true\:true
ProjectManager.ProjectFileName=HACK_RF_NEW.ioc
PB8.GPIOParameters=GPIO_PuPd
Mcu.PinsNb=55
ProjectManager.NoMain=false
USB_DEVICE.VirtualModeFS=Msc_FS
PC11.Signal=SDIO_D3
PC8.Signal=SDIO_D0
PB8.GPIO_PuPd=GPIO_PULLUP
PE10.Mode=16b-d1
PC10.Mode=SD_4_bits_Wide_bus
PD7.Signal=FSMC_NE1
PD1.Signal=FSMC_D3
ProjectManager.DefaultFWLocation=true
PD5.Signal=FSMC_NWE
PD9.Signal=FSMC_D14
PA6.PinState=GPIO_PIN_SET
PB12.Locked=true
ProjectManager.DeletePrevious=true
PB14.Locked=true
VP_RNG_VS_RNG.Mode=RNG_Activate
RCC.APB1CLKDivider=RCC_HCLK_DIV4
PC14-OSC32_IN.Signal=RCC_OSC32_IN
PC5.GPIO_PuPd=GPIO_PULLUP
USB_DEVICE.IPParameters=VirtualMode-MSC_FS,VirtualModeFS,CLASS_NAME_FS
NVIC.SDIO_IRQn=true\:0\:0\:false\:false\:true\:true\:true
RCC.FamilyName=M
PA0-WKUP.Signal=SYS_WKUP
PA0-WKUP.Locked=true
PB0.GPIO_Speed=GPIO_SPEED_FREQ_HIGH
SDIO.ClockBypass=SDIO_CLOCK_BYPASS_DISABLE
PE8.Mode=16b-d1
PA0-WKUP.Mode=SYS_WakeUp0
PD10.Signal=FSMC_D15
PA13.Signal=SYS_JTMS-SWDIO
ProjectManager.TargetToolchain=Makefile
Mcu.Pin51=PB8
Mcu.Pin52=VP_RNG_VS_RNG
Mcu.Pin50=PB7
PB7.GPIOParameters=GPIO_Speed,PinState,GPIO_Label
VP_RNG_VS_RNG.Signal=RNG_VS_RNG
Mcu.Pin53=VP_SYS_VS_Systick
Mcu.Pin54=VP_USB_DEVICE_VS_USB_DEVICE_MSC_FS
PC5.GPIOParameters=GPIO_PuPd,GPIO_Label
PD13.Mode=A18_1
PE4.Locked=true
SPI2.IPParameters=VirtualType,Mode,Direction,CalculateBaudRate,BaudRatePrescaler
PE11.Signal=FSMC_D8
PC15-OSC32_OUT.Signal=RCC_OSC32_OUT
PD8.Mode=16b-d1
Mcu.Pin48=PB5
PB12.GPIO_Speed=GPIO_SPEED_FREQ_HIGH
Mcu.Pin49=PB6
PB1.Locked=true
Mcu.Pin46=PB3
Mcu.Pin47=PB4
RCC.VCOI2SOutputFreq_Value=384000000
PB14.Signal=SPI2_MISO
PD2.Mode=SD_4_bits_Wide_bus
Mcu.Pin40=PD0
Mcu.Pin41=PD1
PC12.Mode=SD_4_bits_Wide_bus
Mcu.Pin44=PD5
Mcu.Pin45=PD7
Mcu.Pin42=PD2
board=custom
Mcu.Pin43=PD4
SH.GPXTI3.0=GPIO_EXTI3
RCC.VCOOutputFreq_Value=336000000
ProjectManager.LastFirmware=true
PB15.Mode=Full_Duplex_Master
PD1.Mode=16b-d1
RCC.APB2Freq_Value=84000000
PE14.Signal=FSMC_D11
SPI3.CalculateBaudRate=21.0 MBits/s
PE15.Signal=FSMC_D12
MxCube.Version=5.6.1
Mcu.Pin37=PC10
Mcu.Pin38=PC11
Mcu.Pin35=PA13
PE8.Signal=FSMC_D5
Mcu.Pin36=PA14
Mcu.Pin39=PC12
PE14.Mode=16b-d1
Mcu.Pin30=PD15
VP_SYS_VS_Systick.Mode=SysTick
RCC.EthernetFreq_Value=168000000
Mcu.Pin33=PA11
PE3.GPIO_PuPd=GPIO_PULLUP
PH1-OSC_OUT.Signal=RCC_OSC_OUT
Mcu.Pin34=PA12
Mcu.Pin31=PC8
Mcu.Pin32=PC9
NVIC.NonMaskableInt_IRQn=true\:0\:0\:false\:false\:true\:false\:false
PA13.Mode=Serial_Wire
ProjectManager.FreePins=false
RCC.IPParameters=48MHZClocksFreq_Value,AHBFreq_Value,APB1CLKDivider,APB1Freq_Value,APB1TimFreq_Value,APB2CLKDivider,APB2Freq_Value,APB2TimFreq_Value,CortexFreq_Value,EthernetFreq_Value,FCLKCortexFreq_Value,FamilyName,HCLKFreq_Value,HSE_VALUE,HSICalibrationValue,HSI_VALUE,I2SClocksFreq_Value,LSI_VALUE,MCO2PinFreq_Value,PLLCLKFreq_Value,PLLM,PLLN,PLLQ,PLLQCLKFreq_Value,RTCFreq_Value,RTCHSEDivFreq_Value,SYSCLKFreq_VALUE,SYSCLKSource,VCOI2SOutputFreq_Value,VCOInputFreq_Value,VCOOutputFreq_Value,VcooutputI2S
ProjectManager.AskForMigrate=true
Mcu.Name=STM32F407V(E-G)Tx
PD0.Mode=16b-d1
PE12.Signal=FSMC_D9
Mcu.Pin26=PD9
Mcu.Pin27=PD10
RCC.RTCHSEDivFreq_Value=4000000
Mcu.Pin24=PB15
ProjectManager.UnderRoot=false
PE4.GPIO_PuPd=GPIO_PULLUP
Mcu.Pin25=PD8
Mcu.IP8=USB_DEVICE
Mcu.IP9=USB_OTG_FS
Mcu.Pin28=PD13
PD14.Signal=FSMC_D0
Mcu.IP6=SPI3
Mcu.Pin29=PD14
PC8.Mode=SD_4_bits_Wide_bus
Mcu.IP7=SYS
ProjectManager.CoupleFile=false
RCC.48MHZClocksFreq_Value=48000000
PB3.Signal=SPI3_SCK
RCC.SYSCLKFreq_VALUE=168000000
PE7.Mode=16b-d1
Mcu.Pin22=PB13
PB5.Signal=SPI3_MOSI
Mcu.Pin23=PB14
PA7.GPIO_Label=LED2
Mcu.Pin20=PE15
Mcu.Pin21=PB12
SH.GPXTI4.0=GPIO_EXTI4
PA12.Mode=Device_Only
NVIC.ForceEnableDMAVector=true
KeepUserPlacement=false
PC5.GPIO_Label=TS_IRQ
NVIC.MemoryManagement_IRQn=true\:0\:0\:false\:false\:true\:false\:false
ProjectManager.CompilerOptimize=6
PA11.Signal=USB_OTG_FS_DM
NVIC.EXTI9_5_IRQn=true\:0\:0\:false\:false\:true\:true\:true
PA14.Signal=SYS_JTCK-SWCLK
ProjectManager.HeapSize=0x2000
Mcu.Pin15=PE10
NVIC.HardFault_IRQn=true\:0\:0\:false\:false\:true\:false\:false
Mcu.Pin16=PE11
SH.GPXTI4.ConfNb=1
Mcu.Pin13=PE8
Mcu.Pin14=PE9
Mcu.Pin19=PE14
ProjectManager.ComputerToolchain=false
Mcu.Pin17=PE12
RCC.HSI_VALUE=16000000
Mcu.Pin18=PE13
RCC.PLLQ=7
NVIC.PriorityGroup=NVIC_PRIORITYGROUP_4
Mcu.Pin11=PB1
Mcu.Pin12=PE7
RCC.PLLM=4
SDIO.HardwareFlowControl=SDIO_HARDWARE_FLOW_CONTROL_ENABLE
RCC.PLLN=168
Mcu.Pin10=PB0
PB7.Locked=true
PE3.Signal=GPXTI3
PB8.Signal=GPXTI8
PE3.GPIO_Label=BUTTON1
PC9.Signal=SDIO_D1
PD2.Signal=SDIO_CMD
PB6.GPIO_Speed=GPIO_SPEED_FREQ_HIGH
PB12.GPIO_PuPd=GPIO_PULLUP
RCC.APB1Freq_Value=42000000
PB0.Signal=GPIO_Output
PA7.GPIOParameters=PinState,GPIO_Label
ProjectManager.DeviceId=STM32F407VETx
PB12.GPIOParameters=GPIO_Speed,PinState,GPIO_PuPd,GPIO_Label
PB12.Signal=GPIO_Output
ProjectManager.LibraryCopy=1
PE15.Mode=16b-d1
PA7.Signal=GPIO_Output
PA6.Locked=true
